
Microsoft Visual Studio Solution File, Format Version 12.00
# Visual Studio Version 16
VisualStudioVersion = 16.0.30717.126
MinimumVisualStudioVersion = 10.0.40219.1
Project("{2150E333-8FDC-42A3-9474-1A3956D46DE8}") = "src", "src", "{4185AF23-9B1C-4AB3-B67B-A256A693E921}"
EndProject
Project("{2150E333-8FDC-42A3-9474-1A3956D46DE8}") = "Queridometro", "Queridometro", "{CE5A3F17-9AC8-4F05-B528-0CE21CAD24DE}"
EndProject
Project("{2150E333-8FDC-42A3-9474-1A3956D46DE8}") = "Identity", "Identity", "{D3CF05EB-63B9-44E8-B937-B8666FB599A9}"
EndProject
Project("{2150E333-8FDC-42A3-9474-1A3956D46DE8}") = "Web", "Web", "{347AC6C8-F8F5-4D29-BA82-AE20A99529DA}"
EndProject
Project("{2150E333-8FDC-42A3-9474-1A3956D46DE8}") = "Services", "Services", "{2E51DED8-477D-4DA2-B0A6-C2EB46AB0FE3}"
EndProject
Project("{2150E333-8FDC-42A3-9474-1A3956D46DE8}") = "Building Blocks", "Building Blocks", "{F069D749-75C7-4843-9D06-71F72C3BC9CF}"
EndProject
Project("{2150E333-8FDC-42A3-9474-1A3956D46DE8}") = "Core", "Core", "{425ADB96-AF00-4730-99AE-497832213DB1}"
EndProject
Project("{2150E333-8FDC-42A3-9474-1A3956D46DE8}") = "Services", "Services", "{804A2A26-A1F8-4F08-BD2F-111F41D856C6}"
EndProject
Project("{FAE04EC0-301F-11D3-BF4B-00C04F79EFBC}") = "Queridometro.API", "src\Services\Queridometro\Queridometro.API\Queridometro.API.csproj", "{397AAAE4-70A9-4BCE-AF09-CD44BA02C5FD}"
EndProject
Project("{FAE04EC0-301F-11D3-BF4B-00C04F79EFBC}") = "Queridometro.Identity.API", "src\Services\Identity\Queridometro.Identity.API\Queridometro.Identity.API.csproj", "{973BB49A-B36C-4722-86FF-00FBC307D5C8}"
EndProject
Project("{FAE04EC0-301F-11D3-BF4B-00C04F79EFBC}") = "Queridometro.WebApp", "src\Web\Queridometro.WebApp\Queridometro.WebApp.csproj", "{C5C557F0-A369-4443-B826-F8713065D481}"
EndProject
Project("{FAE04EC0-301F-11D3-BF4B-00C04F79EFBC}") = "Queridometro.Core", "src\Building Blocks\Core\Queridometro.Core\Queridometro.Core.csproj", "{940E52E5-36B2-43EC-A65D-00DAA6C3BDA6}"
EndProject
Project("{FAE04EC0-301F-11D3-BF4B-00C04F79EFBC}") = "Queridometro.WebApp.Core", "src\Building Blocks\Services\Queridometro.WebApp.Core\Queridometro.WebApp.Core.csproj", "{A9955317-FE5C-4B46-BFC5-D326F8DBA1F1}"
EndProject
Project("{2150E333-8FDC-42A3-9474-1A3956D46DE8}") = "Solution Items", "Solution Items", "{EC62A646-B903-4062-91B8-82F13638468F}"
	ProjectSection(SolutionItems) = preProject
		.gitignore = .gitignore
	EndProjectSection
EndProject
Project("{2150E333-8FDC-42A3-9474-1A3956D46DE8}") = "Tests", "Tests", "{78466F81-F6CC-4D11-B81B-6107F821D313}"
EndProject
Project("{FAE04EC0-301F-11D3-BF4B-00C04F79EFBC}") = "Queridometro.Tests", "src\Tests\Queridometro.Tests\Queridometro.Tests.csproj", "{6607A244-889D-4C90-BA4D-3EF02D9C73B8}"
EndProject
Global
	GlobalSection(SolutionConfigurationPlatforms) = preSolution
		Debug|Any CPU = Debug|Any CPU
		Release|Any CPU = Release|Any CPU
	EndGlobalSection
	GlobalSection(ProjectConfigurationPlatforms) = postSolution
		{397AAAE4-70A9-4BCE-AF09-CD44BA02C5FD}.Debug|Any CPU.ActiveCfg = Debug|Any CPU
		{397AAAE4-70A9-4BCE-AF09-CD44BA02C5FD}.Debug|Any CPU.Build.0 = Debug|Any CPU
		{397AAAE4-70A9-4BCE-AF09-CD44BA02C5FD}.Release|Any CPU.ActiveCfg = Release|Any CPU
		{397AAAE4-70A9-4BCE-AF09-CD44BA02C5FD}.Release|Any CPU.Build.0 = Release|Any CPU
		{973BB49A-B36C-4722-86FF-00FBC307D5C8}.Debug|Any CPU.ActiveCfg = Debug|Any CPU
		{973BB49A-B36C-4722-86FF-00FBC307D5C8}.Debug|Any CPU.Build.0 = Debug|Any CPU
		{973BB49A-B36C-4722-86FF-00FBC307D5C8}.Release|Any CPU.ActiveCfg = Release|Any CPU
		{973BB49A-B36C-4722-86FF-00FBC307D5C8}.Release|Any CPU.Build.0 = Release|Any CPU
		{C5C557F0-A369-4443-B826-F8713065D481}.Debug|Any CPU.ActiveCfg = Debug|Any CPU
		{C5C557F0-A369-4443-B826-F8713065D481}.Debug|Any CPU.Build.0 = Debug|Any CPU
		{C5C557F0-A369-4443-B826-F8713065D481}.Release|Any CPU.ActiveCfg = Release|Any CPU
		{C5C557F0-A369-4443-B826-F8713065D481}.Release|Any CPU.Build.0 = Release|Any CPU
		{940E52E5-36B2-43EC-A65D-00DAA6C3BDA6}.Debug|Any CPU.ActiveCfg = Debug|Any CPU
		{940E52E5-36B2-43EC-A65D-00DAA6C3BDA6}.Debug|Any CPU.Build.0 = Debug|Any CPU
		{940E52E5-36B2-43EC-A65D-00DAA6C3BDA6}.Release|Any CPU.ActiveCfg = Release|Any CPU
		{940E52E5-36B2-43EC-A65D-00DAA6C3BDA6}.Release|Any CPU.Build.0 = Release|Any CPU
		{A9955317-FE5C-4B46-BFC5-D326F8DBA1F1}.Debug|Any CPU.ActiveCfg = Debug|Any CPU
		{A9955317-FE5C-4B46-BFC5-D326F8DBA1F1}.Debug|Any CPU.Build.0 = Debug|Any CPU
		{A9955317-FE5C-4B46-BFC5-D326F8DBA1F1}.Release|Any CPU.ActiveCfg = Release|Any CPU
		{A9955317-FE5C-4B46-BFC5-D326F8DBA1F1}.Release|Any CPU.Build.0 = Release|Any CPU
		{6607A244-889D-4C90-BA4D-3EF02D9C73B8}.Debug|Any CPU.ActiveCfg = Debug|Any CPU
		{6607A244-889D-4C90-BA4D-3EF02D9C73B8}.Debug|Any CPU.Build.0 = Debug|Any CPU
		{6607A244-889D-4C90-BA4D-3EF02D9C73B8}.Release|Any CPU.ActiveCfg = Release|Any CPU
		{6607A244-889D-4C90-BA4D-3EF02D9C73B8}.Release|Any CPU.Build.0 = Release|Any CPU
	EndGlobalSection
	GlobalSection(SolutionProperties) = preSolution
		HideSolutionNode = FALSE
	EndGlobalSection
	GlobalSection(NestedProjects) = preSolution
		{CE5A3F17-9AC8-4F05-B528-0CE21CAD24DE} = {2E51DED8-477D-4DA2-B0A6-C2EB46AB0FE3}
		{D3CF05EB-63B9-44E8-B937-B8666FB599A9} = {2E51DED8-477D-4DA2-B0A6-C2EB46AB0FE3}
		{347AC6C8-F8F5-4D29-BA82-AE20A99529DA} = {4185AF23-9B1C-4AB3-B67B-A256A693E921}
		{2E51DED8-477D-4DA2-B0A6-C2EB46AB0FE3} = {4185AF23-9B1C-4AB3-B67B-A256A693E921}
		{F069D749-75C7-4843-9D06-71F72C3BC9CF} = {4185AF23-9B1C-4AB3-B67B-A256A693E921}
		{425ADB96-AF00-4730-99AE-497832213DB1} = {F069D749-75C7-4843-9D06-71F72C3BC9CF}
		{804A2A26-A1F8-4F08-BD2F-111F41D856C6} = {F069D749-75C7-4843-9D06-71F72C3BC9CF}
		{397AAAE4-70A9-4BCE-AF09-CD44BA02C5FD} = {CE5A3F17-9AC8-4F05-B528-0CE21CAD24DE}
		{973BB49A-B36C-4722-86FF-00FBC307D5C8} = {D3CF05EB-63B9-44E8-B937-B8666FB599A9}
		{C5C557F0-A369-4443-B826-F8713065D481} = {347AC6C8-F8F5-4D29-BA82-AE20A99529DA}
		{940E52E5-36B2-43EC-A65D-00DAA6C3BDA6} = {425ADB96-AF00-4730-99AE-497832213DB1}
		{A9955317-FE5C-4B46-BFC5-D326F8DBA1F1} = {804A2A26-A1F8-4F08-BD2F-111F41D856C6}
		{78466F81-F6CC-4D11-B81B-6107F821D313} = {4185AF23-9B1C-4AB3-B67B-A256A693E921}
		{6607A244-889D-4C90-BA4D-3EF02D9C73B8} = {78466F81-F6CC-4D11-B81B-6107F821D313}
	EndGlobalSection
	GlobalSection(ExtensibilityGlobals) = postSolution
		SolutionGuid = {C0A1AE81-C026-408F-8C7A-BDC2A94C0D3B}
	EndGlobalSection
EndGlobal
